{
  "name": "battleship-cli-app",
  "version": "1.0.0",
  "lockfileVersion": 3,
  "requires": true,
  "packages": {
    "": {
      "name": "battleship-cli-app",
      "version": "1.0.0",
      "license": "ISC",
      "dependencies": {
        "console-table-printer": "^2.14.6",
        "readline-sync": "^1.4.10"
      }
    },
    "node_modules/console-table-printer": {
      "version": "2.14.6",
      "resolved": "https://registry.npmjs.org/console-table-printer/-/console-table-printer-2.14.6.tgz",
      "integrity": "sha512-MCBl5HNVaFuuHW6FGbL/4fB7N/ormCy+tQ+sxTrF6QtSbSNETvPuOVbkJBhzDgYhvjWGrTma4eYJa37ZuoQsPw==",
      "license": "MIT",
      "dependencies": {
        "simple-wcswidth": "^1.0.1"
      }
    },
    "node_modules/readline-sync": {
      "version": "1.4.10",
      "resolved": "https://registry.npmjs.org/readline-sync/-/readline-sync-1.4.10.tgz",
      "integrity": "sha512-gNva8/6UAe8QYepIQH/jQ2qn91Qj0B9sYjMBBs3QOB8F2CXcKgLxQaJRP76sWVRQt+QU+8fAkCbCvjjMFu7Ycw==",
      "license": "MIT",
      "engines": {
        "node": ">= 0.8.0"
      }
    },
    "node_modules/simple-wcswidth": {
      "version": "1.1.2",
      "resolved": "https://registry.npmjs.org/simple-wcswidth/-/simple-wcswidth-1.1.2.tgz",
      "integrity": "sha512-j7piyCjAeTDSjzTSQ7DokZtMNwNlEAyxqSZeCS+CXH7fJ4jx3FuJ/mTW3mE+6JLs4VJBbcll0Kjn+KXI5t21Iw==",
      "license": "MIT"
    }
  }
}
